
Microsoft Visual Studio Solution File, Format Version 12.00
# Visual Studio 15
VisualStudioVersion = 15.0.28307.421
MinimumVisualStudioVersion = 10.0.40219.1
Project("{FAE04EC0-301F-11D3-BF4B-00C04F79EFBC}") = "TicTacToe.Specs", "TicTacToe.Specs\TicTacToe.Specs.csproj", "{B5615A91-B4B9-4DAA-90EA-52D69280FA82}"
EndProject
Project("{FAE04EC0-301F-11D3-BF4B-00C04F79EFBC}") = "TicTacToe.Game", "TicTacToe.Game\TicTacToe.Game.csproj", "{36D28F41-6565-42B7-9F64-93E5EEFCE7FE}"
EndProject
Project("{2150E333-8FDC-42A3-9474-1A3956D46DE8}") = "Solution Items", "Solution Items", "{154640E1-6DCA-4305-961F-DE6E9C39E8F6}"
EndProject
Global
	GlobalSection(SolutionConfigurationPlatforms) = preSolution
		Debug|Any CPU = Debug|Any CPU
		Release|Any CPU = Release|Any CPU
	EndGlobalSection
	GlobalSection(ProjectConfigurationPlatforms) = postSolution
		{B5615A91-B4B9-4DAA-90EA-52D69280FA82}.Debug|Any CPU.ActiveCfg = Debug|Any CPU
		{B5615A91-B4B9-4DAA-90EA-52D69280FA82}.Debug|Any CPU.Build.0 = Debug|Any CPU
		{B5615A91-B4B9-4DAA-90EA-52D69280FA82}.Release|Any CPU.ActiveCfg = Release|Any CPU
		{B5615A91-B4B9-4DAA-90EA-52D69280FA82}.Release|Any CPU.Build.0 = Release|Any CPU
		{36D28F41-6565-42B7-9F64-93E5EEFCE7FE}.Debug|Any CPU.ActiveCfg = Debug|Any CPU
		{36D28F41-6565-42B7-9F64-93E5EEFCE7FE}.Debug|Any CPU.Build.0 = Debug|Any CPU
		{36D28F41-6565-42B7-9F64-93E5EEFCE7FE}.Release|Any CPU.ActiveCfg = Release|Any CPU
		{36D28F41-6565-42B7-9F64-93E5EEFCE7FE}.Release|Any CPU.Build.0 = Release|Any CPU
	EndGlobalSection
	GlobalSection(SolutionProperties) = preSolution
		HideSolutionNode = FALSE
	EndGlobalSection
	GlobalSection(ExtensibilityGlobals) = postSolution
		SolutionGuid = {400E8BFB-777D-4B91-9F82-D8C42C06BC15}
	EndGlobalSection
EndGlobal
